
Microsoft Visual Studio Solution File, Format Version 12.00
# Visual Studio 15
VisualStudioVersion = 15.0.28307.329
MinimumVisualStudioVersion = 10.0.40219.1
Project("{E24C65DC-7377-472B-9ABA-BC803B73C61A}") = "SheetMusic", "SheetMusic\", "{63270A5F-BDD3-4E75-B08B-C653C0A03317}"
	ProjectSection(WebsiteProperties) = preProject
		TargetFrameworkMoniker = ".NETFramework,Version%3Dv4.6.1"
		Debug.AspNetCompiler.VirtualPath = "/localhost_60236"
		Debug.AspNetCompiler.PhysicalPath = "SheetMusic\"
		Debug.AspNetCompiler.TargetPath = "PrecompiledWeb\localhost_60236\"
		Debug.AspNetCompiler.Updateable = "true"
		Debug.AspNetCompiler.ForceOverwrite = "true"
		Debug.AspNetCompiler.FixedNames = "false"
		Debug.AspNetCompiler.Debug = "True"
		Release.AspNetCompiler.VirtualPath = "/localhost_60236"
		Release.AspNetCompiler.PhysicalPath = "SheetMusic\"
		Release.AspNetCompiler.TargetPath = "PrecompiledWeb\localhost_60236\"
		Release.AspNetCompiler.Updateable = "true"
		Release.AspNetCompiler.ForceOverwrite = "true"
		Release.AspNetCompiler.FixedNames = "false"
		Release.AspNetCompiler.Debug = "False"
		VWDPort = "60236"
		SlnRelativePath = "SheetMusic\"
		DefaultWebSiteLanguage = "Visual C#"
	EndProjectSection
EndProject
Global
	GlobalSection(SolutionConfigurationPlatforms) = preSolution
		Debug|Any CPU = Debug|Any CPU
	EndGlobalSection
	GlobalSection(ProjectConfigurationPlatforms) = postSolution
		{63270A5F-BDD3-4E75-B08B-C653C0A03317}.Debug|Any CPU.ActiveCfg = Debug|Any CPU
		{63270A5F-BDD3-4E75-B08B-C653C0A03317}.Debug|Any CPU.Build.0 = Debug|Any CPU
	EndGlobalSection
	GlobalSection(SolutionProperties) = preSolution
		HideSolutionNode = FALSE
	EndGlobalSection
	GlobalSection(ExtensibilityGlobals) = postSolution
		SolutionGuid = {261F41BB-6FE4-4125-83AC-83629D817599}
	EndGlobalSection
EndGlobal
